<Solution>
  <Folder Name="/aspire/">
    <File Path="apphost.cs" />
    <File Path="apphost.run.json" />
  </Folder>
  <Project Path="src/Flyio.Demo.ApiService/Flyio.Demo.ApiService.csproj" />
  <Project Path="src/Flyio.Demo.ServiceDefaults/Flyio.Demo.ServiceDefaults.csproj" />
  <Project Path="src/Flyio.Demo.Web/Flyio.Demo.Web.csproj" />
</Solution>
