<Solution>
  <Folder Name="/aspire/">
    <File Path="apphost.cs" />
    <File Path="apphost.run.json" />
  </Folder>
  <Folder Name="/src/">
    <Project Path="src/Flyio.Demo.ApiService/Flyio.Demo.ApiService.csproj" />
    <Project Path="src/Flyio.Demo.ServiceDefaults/Flyio.Demo.ServiceDefaults.csproj" />
    <Project Path="src/Flyio.Demo.Web/Flyio.Demo.Web.csproj" />
  </Folder>
  <Folder Name="/tests/">
    <Project Path="tests/Flyio.Demo.ApiService.Tests/Flyio.Demo.ApiService.Tests.csproj" />
  </Folder>
</Solution>
